Microsoft Visual Studio Solution File, Format Version 12.00
# Visual Studio 14
VisualStudioVersion = 14.0.23107.0
MinimumVisualStudioVersion = 10.0.40219.1
Project("{8BC9CEB8-8B4A-11D0-8D11-00A0C91BC942}") = "libczmq", "libczmq\libczmq.vcxproj", "{0C4A2E28-8C9E-4B27-85D9-BB679AD84AC7}"
EndProject
Project("{8BC9CEB8-8B4A-11D0-8D11-00A0C91BC942}") = "zmakecert", "zmakecert\zmakecert.vcxproj", "{A5497C4B-1CD1-4779-9458-2CF7908E7E26}"
EndProject
Project("{8BC9CEB8-8B4A-11D0-8D11-00A0C91BC942}") = "czmq_selftest", "czmq_selftest\czmq_selftest.vcxproj", "{F9DCB23B-BA0C-4123-9010-34A592FC4E83}"
EndProject
Global
	GlobalSection(SolutionConfigurationPlatforms) = preSolution
		DebugDEXE|x64 = DebugDEXE|x64
		DebugDEXE|x86 = DebugDEXE|x86
		DebugDLL|x64 = DebugDLL|x64
		DebugDLL|x86 = DebugDLL|x86
		DebugLEXE|x64 = DebugLEXE|x64
		DebugLEXE|x86 = DebugLEXE|x86
		DebugLIB|x64 = DebugLIB|x64
		DebugLIB|x86 = DebugLIB|x86
		DebugLTCG|x64 = DebugLTCG|x64
		DebugLTCG|x86 = DebugLTCG|x86
		DebugSEXE|x64 = DebugSEXE|x64
		DebugSEXE|x86 = DebugSEXE|x86
		ReleaseDEXE|x64 = ReleaseDEXE|x64
		ReleaseDEXE|x86 = ReleaseDEXE|x86
		ReleaseDLL|x64 = ReleaseDLL|x64
		ReleaseDLL|x86 = ReleaseDLL|x86
		ReleaseLEXE|x64 = ReleaseLEXE|x64
		ReleaseLEXE|x86 = ReleaseLEXE|x86
		ReleaseLIB|x64 = ReleaseLIB|x64
		ReleaseLIB|x86 = ReleaseLIB|x86
		ReleaseLTCG|x64 = ReleaseLTCG|x64
		ReleaseLTCG|x86 = ReleaseLTCG|x86
		ReleaseSEXE|x64 = ReleaseSEXE|x64
		ReleaseSEXE|x86 = ReleaseSEXE|x86
	EndGlobalSection
	GlobalSection(ProjectConfigurationPlatforms) = postSolution
		{0C4A2E28-8C9E-4B27-85D9-BB679AD84AC7}.DebugDEXE|x64.ActiveCfg = DebugDLL|x64
		{0C4A2E28-8C9E-4B27-85D9-BB679AD84AC7}.DebugDEXE|x64.Build.0 = DebugDLL|x64
		{0C4A2E28-8C9E-4B27-85D9-BB679AD84AC7}.DebugDEXE|x86.ActiveCfg = DebugDLL|Win32
		{0C4A2E28-8C9E-4B27-85D9-BB679AD84AC7}.DebugDEXE|x86.Build.0 = DebugDLL|Win32
		{0C4A2E28-8C9E-4B27-85D9-BB679AD84AC7}.DebugDLL|x64.ActiveCfg = DebugDLL|x64
		{0C4A2E28-8C9E-4B27-85D9-BB679AD84AC7}.DebugDLL|x64.Build.0 = DebugDLL|x64
		{0C4A2E28-8C9E-4B27-85D9-BB679AD84AC7}.DebugDLL|x86.ActiveCfg = DebugDLL|Win32
		{0C4A2E28-8C9E-4B27-85D9-BB679AD84AC7}.DebugDLL|x86.Build.0 = DebugDLL|Win32
		{0C4A2E28-8C9E-4B27-85D9-BB679AD84AC7}.DebugLEXE|x64.ActiveCfg = DebugLIB|x64
		{0C4A2E28-8C9E-4B27-85D9-BB679AD84AC7}.DebugLEXE|x64.Build.0 = DebugLIB|x64
		{0C4A2E28-8C9E-4B27-85D9-BB679AD84AC7}.DebugLEXE|x86.ActiveCfg = DebugLIB|Win32
		{0C4A2E28-8C9E-4B27-85D9-BB679AD84AC7}.DebugLEXE|x86.Build.0 = DebugLIB|Win32
		{0C4A2E28-8C9E-4B27-85D9-BB679AD84AC7}.DebugLIB|x64.ActiveCfg = DebugLIB|x64
		{0C4A2E28-8C9E-4B27-85D9-BB679AD84AC7}.DebugLIB|x64.Build.0 = DebugLIB|x64
		{0C4A2E28-8C9E-4B27-85D9-BB679AD84AC7}.DebugLIB|x86.ActiveCfg = DebugLIB|Win32
		{0C4A2E28-8C9E-4B27-85D9-BB679AD84AC7}.DebugLIB|x86.Build.0 = DebugLIB|Win32
		{0C4A2E28-8C9E-4B27-85D9-BB679AD84AC7}.DebugLTCG|x64.ActiveCfg = DebugLTCG|x64
		{0C4A2E28-8C9E-4B27-85D9-BB679AD84AC7}.DebugLTCG|x64.Build.0 = DebugLTCG|x64
		{0C4A2E28-8C9E-4B27-85D9-BB679AD84AC7}.DebugLTCG|x86.ActiveCfg = DebugLTCG|Win32
		{0C4A2E28-8C9E-4B27-85D9-BB679AD84AC7}.DebugLTCG|x86.Build.0 = DebugLTCG|Win32
		{0C4A2E28-8C9E-4B27-85D9-BB679AD84AC7}.DebugSEXE|x64.ActiveCfg = DebugDLL|x64
		{0C4A2E28-8C9E-4B27-85D9-BB679AD84AC7}.DebugSEXE|x64.Build.0 = DebugDLL|x64
		{0C4A2E28-8C9E-4B27-85D9-BB679AD84AC7}.DebugSEXE|x86.ActiveCfg = DebugDLL|Win32
		{0C4A2E28-8C9E-4B27-85D9-BB679AD84AC7}.DebugSEXE|x86.Build.0 = DebugDLL|Win32
		{0C4A2E28-8C9E-4B27-85D9-BB679AD84AC7}.ReleaseDEXE|x64.ActiveCfg = ReleaseDLL|x64
		{0C4A2E28-8C9E-4B27-85D9-BB679AD84AC7}.ReleaseDEXE|x64.Build.0 = ReleaseDLL|x64
		{0C4A2E28-8C9E-4B27-85D9-BB679AD84AC7}.ReleaseDEXE|x86.ActiveCfg = ReleaseDLL|Win32
		{0C4A2E28-8C9E-4B27-85D9-BB679AD84AC7}.ReleaseDEXE|x86.Build.0 = ReleaseDLL|Win32
		{0C4A2E28-8C9E-4B27-85D9-BB679AD84AC7}.ReleaseDLL|x64.ActiveCfg = ReleaseDLL|x64
		{0C4A2E28-8C9E-4B27-85D9-BB679AD84AC7}.ReleaseDLL|x64.Build.0 = ReleaseDLL|x64
		{0C4A2E28-8C9E-4B27-85D9-BB679AD84AC7}.ReleaseDLL|x86.ActiveCfg = ReleaseDLL|Win32
		{0C4A2E28-8C9E-4B27-85D9-BB679AD84AC7}.ReleaseDLL|x86.Build.0 = ReleaseDLL|Win32
		{0C4A2E28-8C9E-4B27-85D9-BB679AD84AC7}.ReleaseLEXE|x64.ActiveCfg = ReleaseLIB|x64
		{0C4A2E28-8C9E-4B27-85D9-BB679AD84AC7}.ReleaseLEXE|x64.Build.0 = ReleaseLIB|x64
		{0C4A2E28-8C9E-4B27-85D9-BB679AD84AC7}.ReleaseLEXE|x86.ActiveCfg = ReleaseLIB|Win32
		{0C4A2E28-8C9E-4B27-85D9-BB679AD84AC7}.ReleaseLEXE|x86.Build.0 = ReleaseLIB|Win32
		{0C4A2E28-8C9E-4B27-85D9-BB679AD84AC7}.ReleaseLIB|x64.ActiveCfg = ReleaseLIB|x64
		{0C4A2E28-8C9E-4B27-85D9-BB679AD84AC7}.ReleaseLIB|x64.Build.0 = ReleaseLIB|x64
		{0C4A2E28-8C9E-4B27-85D9-BB679AD84AC7}.ReleaseLIB|x86.ActiveCfg = ReleaseLIB|Win32
		{0C4A2E28-8C9E-4B27-85D9-BB679AD84AC7}.ReleaseLIB|x86.Build.0 = ReleaseLIB|Win32
		{0C4A2E28-8C9E-4B27-85D9-BB679AD84AC7}.ReleaseLTCG|x64.ActiveCfg = ReleaseLTCG|x64
		{0C4A2E28-8C9E-4B27-85D9-BB679AD84AC7}.ReleaseLTCG|x64.Build.0 = ReleaseLTCG|x64
		{0C4A2E28-8C9E-4B27-85D9-BB679AD84AC7}.ReleaseLTCG|x86.ActiveCfg = ReleaseLTCG|Win32
		{0C4A2E28-8C9E-4B27-85D9-BB679AD84AC7}.ReleaseLTCG|x86.Build.0 = ReleaseLTCG|Win32
		{0C4A2E28-8C9E-4B27-85D9-BB679AD84AC7}.ReleaseSEXE|x64.ActiveCfg = ReleaseLIB|x64
		{0C4A2E28-8C9E-4B27-85D9-BB679AD84AC7}.ReleaseSEXE|x64.Build.0 = ReleaseLIB|x64
		{0C4A2E28-8C9E-4B27-85D9-BB679AD84AC7}.ReleaseSEXE|x86.ActiveCfg = ReleaseLIB|Win32
		{0C4A2E28-8C9E-4B27-85D9-BB679AD84AC7}.ReleaseSEXE|x86.Build.0 = ReleaseLIB|Win32
		{A5497C4B-1CD1-4779-9458-2CF7908E7E26}.DebugDEXE|x64.ActiveCfg = DebugDEXE|x64
		{A5497C4B-1CD1-4779-9458-2CF7908E7E26}.DebugDEXE|x64.Build.0 = DebugDEXE|x64
		{A5497C4B-1CD1-4779-9458-2CF7908E7E26}.DebugDEXE|x86.ActiveCfg = DebugDEXE|Win32
		{A5497C4B-1CD1-4779-9458-2CF7908E7E26}.DebugDEXE|x86.Build.0 = DebugDEXE|Win32
		{A5497C4B-1CD1-4779-9458-2CF7908E7E26}.DebugDLL|x64.ActiveCfg = DebugDEXE|x64
		{A5497C4B-1CD1-4779-9458-2CF7908E7E26}.DebugDLL|x64.Build.0 = DebugDEXE|x64
		{A5497C4B-1CD1-4779-9458-2CF7908E7E26}.DebugDLL|x86.ActiveCfg = DebugDEXE|Win32
		{A5497C4B-1CD1-4779-9458-2CF7908E7E26}.DebugDLL|x86.Build.0 = DebugDEXE|Win32
		{A5497C4B-1CD1-4779-9458-2CF7908E7E26}.DebugLEXE|x64.ActiveCfg = DebugLEXE|x64
		{A5497C4B-1CD1-4779-9458-2CF7908E7E26}.DebugLEXE|x64.Build.0 = DebugLEXE|x64
		{A5497C4B-1CD1-4779-9458-2CF7908E7E26}.DebugLEXE|x86.ActiveCfg = DebugLEXE|Win32
		{A5497C4B-1CD1-4779-9458-2CF7908E7E26}.DebugLEXE|x86.Build.0 = DebugLEXE|Win32
		{A5497C4B-1CD1-4779-9458-2CF7908E7E26}.DebugLIB|x64.ActiveCfg = DebugLEXE|x64
		{A5497C4B-1CD1-4779-9458-2CF7908E7E26}.DebugLIB|x64.Build.0 = DebugLEXE|x64
		{A5497C4B-1CD1-4779-9458-2CF7908E7E26}.DebugLIB|x86.ActiveCfg = DebugLEXE|Win32
		{A5497C4B-1CD1-4779-9458-2CF7908E7E26}.DebugLIB|x86.Build.0 = DebugLEXE|Win32
		{A5497C4B-1CD1-4779-9458-2CF7908E7E26}.DebugLTCG|x64.ActiveCfg = DebugLEXE|x64
		{A5497C4B-1CD1-4779-9458-2CF7908E7E26}.DebugLTCG|x64.Build.0 = DebugLEXE|x64
		{A5497C4B-1CD1-4779-9458-2CF7908E7E26}.DebugLTCG|x86.ActiveCfg = DebugLEXE|Win32
		{A5497C4B-1CD1-4779-9458-2CF7908E7E26}.DebugLTCG|x86.Build.0 = DebugLEXE|Win32
		{A5497C4B-1CD1-4779-9458-2CF7908E7E26}.DebugSEXE|x64.ActiveCfg = DebugSEXE|x64
		{A5497C4B-1CD1-4779-9458-2CF7908E7E26}.DebugSEXE|x64.Build.0 = DebugSEXE|x64
		{A5497C4B-1CD1-4779-9458-2CF7908E7E26}.DebugSEXE|x86.ActiveCfg = DebugSEXE|Win32
		{A5497C4B-1CD1-4779-9458-2CF7908E7E26}.DebugSEXE|x86.Build.0 = DebugSEXE|Win32
		{A5497C4B-1CD1-4779-9458-2CF7908E7E26}.ReleaseDEXE|x64.ActiveCfg = ReleaseDEXE|x64
		{A5497C4B-1CD1-4779-9458-2CF7908E7E26}.ReleaseDEXE|x64.Build.0 = ReleaseDEXE|x64
		{A5497C4B-1CD1-4779-9458-2CF7908E7E26}.ReleaseDEXE|x86.ActiveCfg = ReleaseDEXE|Win32
		{A5497C4B-1CD1-4779-9458-2CF7908E7E26}.ReleaseDEXE|x86.Build.0 = ReleaseDEXE|Win32
		{A5497C4B-1CD1-4779-9458-2CF7908E7E26}.ReleaseDLL|x64.ActiveCfg = ReleaseDEXE|x64
		{A5497C4B-1CD1-4779-9458-2CF7908E7E26}.ReleaseDLL|x64.Build.0 = ReleaseDEXE|x64
		{A5497C4B-1CD1-4779-9458-2CF7908E7E26}.ReleaseDLL|x86.ActiveCfg = ReleaseDEXE|Win32
		{A5497C4B-1CD1-4779-9458-2CF7908E7E26}.ReleaseDLL|x86.Build.0 = ReleaseDEXE|Win32
		{A5497C4B-1CD1-4779-9458-2CF7908E7E26}.ReleaseLEXE|x64.ActiveCfg = ReleaseLEXE|x64
		{A5497C4B-1CD1-4779-9458-2CF7908E7E26}.ReleaseLEXE|x64.Build.0 = ReleaseLEXE|x64
		{A5497C4B-1CD1-4779-9458-2CF7908E7E26}.ReleaseLEXE|x86.ActiveCfg = ReleaseLEXE|Win32
		{A5497C4B-1CD1-4779-9458-2CF7908E7E26}.ReleaseLEXE|x86.Build.0 = ReleaseLEXE|Win32
		{A5497C4B-1CD1-4779-9458-2CF7908E7E26}.ReleaseLIB|x64.ActiveCfg = ReleaseLEXE|x64
		{A5497C4B-1CD1-4779-9458-2CF7908E7E26}.ReleaseLIB|x64.Build.0 = ReleaseLEXE|x64
		{A5497C4B-1CD1-4779-9458-2CF7908E7E26}.ReleaseLIB|x86.ActiveCfg = ReleaseLEXE|Win32
		{A5497C4B-1CD1-4779-9458-2CF7908E7E26}.ReleaseLIB|x86.Build.0 = ReleaseLEXE|Win32
		{A5497C4B-1CD1-4779-9458-2CF7908E7E26}.ReleaseLTCG|x64.ActiveCfg = ReleaseLEXE|x64
		{A5497C4B-1CD1-4779-9458-2CF7908E7E26}.ReleaseLTCG|x64.Build.0 = ReleaseLEXE|x64
		{A5497C4B-1CD1-4779-9458-2CF7908E7E26}.ReleaseLTCG|x86.ActiveCfg = ReleaseLEXE|Win32
		{A5497C4B-1CD1-4779-9458-2CF7908E7E26}.ReleaseLTCG|x86.Build.0 = ReleaseLEXE|Win32
		{A5497C4B-1CD1-4779-9458-2CF7908E7E26}.ReleaseSEXE|x64.ActiveCfg = ReleaseSEXE|x64
		{A5497C4B-1CD1-4779-9458-2CF7908E7E26}.ReleaseSEXE|x64.Build.0 = ReleaseSEXE|x64
		{A5497C4B-1CD1-4779-9458-2CF7908E7E26}.ReleaseSEXE|x86.ActiveCfg = ReleaseSEXE|Win32
		{A5497C4B-1CD1-4779-9458-2CF7908E7E26}.ReleaseSEXE|x86.Build.0 = ReleaseSEXE|Win32
		{F9DCB23B-BA0C-4123-9010-34A592FC4E83}.DebugDEXE|x64.ActiveCfg = DebugDEXE|x64
		{F9DCB23B-BA0C-4123-9010-34A592FC4E83}.DebugDEXE|x64.Build.0 = DebugDEXE|x64
		{F9DCB23B-BA0C-4123-9010-34A592FC4E83}.DebugDEXE|x86.ActiveCfg = DebugDEXE|Win32
		{F9DCB23B-BA0C-4123-9010-34A592FC4E83}.DebugDEXE|x86.Build.0 = DebugDEXE|Win32
		{F9DCB23B-BA0C-4123-9010-34A592FC4E83}.DebugDLL|x64.ActiveCfg = DebugDEXE|x64
		{F9DCB23B-BA0C-4123-9010-34A592FC4E83}.DebugDLL|x64.Build.0 = DebugDEXE|x64
		{F9DCB23B-BA0C-4123-9010-34A592FC4E83}.DebugDLL|x86.ActiveCfg = DebugDEXE|Win32
		{F9DCB23B-BA0C-4123-9010-34A592FC4E83}.DebugDLL|x86.Build.0 = DebugDEXE|Win32
		{F9DCB23B-BA0C-4123-9010-34A592FC4E83}.DebugLEXE|x64.ActiveCfg = DebugLEXE|x64
		{F9DCB23B-BA0C-4123-9010-34A592FC4E83}.DebugLEXE|x64.Build.0 = DebugLEXE|x64
		{F9DCB23B-BA0C-4123-9010-34A592FC4E83}.DebugLEXE|x86.ActiveCfg = DebugLEXE|Win32
		{F9DCB23B-BA0C-4123-9010-34A592FC4E83}.DebugLEXE|x86.Build.0 = DebugLEXE|Win32
		{F9DCB23B-BA0C-4123-9010-34A592FC4E83}.DebugLIB|x64.ActiveCfg = DebugLEXE|x64
		{F9DCB23B-BA0C-4123-9010-34A592FC4E83}.DebugLIB|x64.Build.0 = DebugLEXE|x64
		{F9DCB23B-BA0C-4123-9010-34A592FC4E83}.DebugLIB|x86.ActiveCfg = DebugLEXE|Win32
		{F9DCB23B-BA0C-4123-9010-34A592FC4E83}.DebugLIB|x86.Build.0 = DebugLEXE|Win32
		{F9DCB23B-BA0C-4123-9010-34A592FC4E83}.DebugLTCG|x64.ActiveCfg = DebugLEXE|x64
		{F9DCB23B-BA0C-4123-9010-34A592FC4E83}.DebugLTCG|x64.Build.0 = DebugLEXE|x64
		{F9DCB23B-BA0C-4123-9010-34A592FC4E83}.DebugLTCG|x86.ActiveCfg = DebugLEXE|Win32
		{F9DCB23B-BA0C-4123-9010-34A592FC4E83}.DebugLTCG|x86.Build.0 = DebugLEXE|Win32
		{F9DCB23B-BA0C-4123-9010-34A592FC4E83}.DebugSEXE|x64.ActiveCfg = DebugSEXE|x64
		{F9DCB23B-BA0C-4123-9010-34A592FC4E83}.DebugSEXE|x64.Build.0 = DebugSEXE|x64
		{F9DCB23B-BA0C-4123-9010-34A592FC4E83}.DebugSEXE|x86.ActiveCfg = DebugSEXE|Win32
		{F9DCB23B-BA0C-4123-9010-34A592FC4E83}.DebugSEXE|x86.Build.0 = DebugSEXE|Win32
		{F9DCB23B-BA0C-4123-9010-34A592FC4E83}.ReleaseDEXE|x64.ActiveCfg = ReleaseDEXE|x64
		{F9DCB23B-BA0C-4123-9010-34A592FC4E83}.ReleaseDEXE|x64.Build.0 = ReleaseDEXE|x64
		{F9DCB23B-BA0C-4123-9010-34A592FC4E83}.ReleaseDEXE|x86.ActiveCfg = ReleaseDEXE|Win32
		{F9DCB23B-BA0C-4123-9010-34A592FC4E83}.ReleaseDEXE|x86.Build.0 = ReleaseDEXE|Win32
		{F9DCB23B-BA0C-4123-9010-34A592FC4E83}.ReleaseDLL|x64.ActiveCfg = ReleaseDEXE|x64
		{F9DCB23B-BA0C-4123-9010-34A592FC4E83}.ReleaseDLL|x64.Build.0 = ReleaseDEXE|x64
		{F9DCB23B-BA0C-4123-9010-34A592FC4E83}.ReleaseDLL|x86.ActiveCfg = ReleaseDEXE|Win32
		{F9DCB23B-BA0C-4123-9010-34A592FC4E83}.ReleaseDLL|x86.Build.0 = ReleaseDEXE|Win32
		{F9DCB23B-BA0C-4123-9010-34A592FC4E83}.ReleaseLEXE|x64.ActiveCfg = ReleaseLEXE|x64
		{F9DCB23B-BA0C-4123-9010-34A592FC4E83}.ReleaseLEXE|x64.Build.0 = ReleaseLEXE|x64
		{F9DCB23B-BA0C-4123-9010-34A592FC4E83}.ReleaseLEXE|x86.ActiveCfg = ReleaseLEXE|Win32
		{F9DCB23B-BA0C-4123-9010-34A592FC4E83}.ReleaseLEXE|x86.Build.0 = ReleaseLEXE|Win32
		{F9DCB23B-BA0C-4123-9010-34A592FC4E83}.ReleaseLIB|x64.ActiveCfg = ReleaseLEXE|x64
		{F9DCB23B-BA0C-4123-9010-34A592FC4E83}.ReleaseLIB|x64.Build.0 = ReleaseLEXE|x64
		{F9DCB23B-BA0C-4123-9010-34A592FC4E83}.ReleaseLIB|x86.ActiveCfg = ReleaseLEXE|Win32
		{F9DCB23B-BA0C-4123-9010-34A592FC4E83}.ReleaseLIB|x86.Build.0 = ReleaseLEXE|Win32
		{F9DCB23B-BA0C-4123-9010-34A592FC4E83}.ReleaseLTCG|x64.ActiveCfg = ReleaseLEXE|x64
		{F9DCB23B-BA0C-4123-9010-34A592FC4E83}.ReleaseLTCG|x64.Build.0 = ReleaseLEXE|x64
		{F9DCB23B-BA0C-4123-9010-34A592FC4E83}.ReleaseLTCG|x86.ActiveCfg = ReleaseLEXE|Win32
		{F9DCB23B-BA0C-4123-9010-34A592FC4E83}.ReleaseLTCG|x86.Build.0 = ReleaseLEXE|Win32
		{F9DCB23B-BA0C-4123-9010-34A592FC4E83}.ReleaseSEXE|x64.ActiveCfg = ReleaseSEXE|x64
		{F9DCB23B-BA0C-4123-9010-34A592FC4E83}.ReleaseSEXE|x64.Build.0 = ReleaseSEXE|x64
		{F9DCB23B-BA0C-4123-9010-34A592FC4E83}.ReleaseSEXE|x86.ActiveCfg = ReleaseSEXE|Win32
		{F9DCB23B-BA0C-4123-9010-34A592FC4E83}.ReleaseSEXE|x86.Build.0 = ReleaseSEXE|Win32
	EndGlobalSection
	GlobalSection(SolutionProperties) = preSolution
		HideSolutionNode = FALSE
	EndGlobalSection
EndGlobal
